
Microsoft Visual Studio Solution File, Format Version 12.00
# Visual Studio Version 17
VisualStudioVersion = 17.4.33213.308
MinimumVisualStudioVersion = 10.0.40219.1
Project("{FAE04EC0-301F-11D3-BF4B-00C04F79EFBC}") = "Task_Checkbox", "Task_Checkbox\Task_Checkbox.csproj", "{71F29B64-AC59-43DC-8DCA-D547E1037891}"
EndProject
Global
	GlobalSection(SolutionConfigurationPlatforms) = preSolution
		Debug|Any CPU = Debug|Any CPU
		Release|Any CPU = Release|Any CPU
	EndGlobalSection
	GlobalSection(ProjectConfigurationPlatforms) = postSolution
		{71F29B64-AC59-43DC-8DCA-D547E1037891}.Debug|Any CPU.ActiveCfg = Debug|Any CPU
		{71F29B64-AC59-43DC-8DCA-D547E1037891}.Debug|Any CPU.Build.0 = Debug|Any CPU
		{71F29B64-AC59-43DC-8DCA-D547E1037891}.Release|Any CPU.ActiveCfg = Release|Any CPU
		{71F29B64-AC59-43DC-8DCA-D547E1037891}.Release|Any CPU.Build.0 = Release|Any CPU
	EndGlobalSection
	GlobalSection(SolutionProperties) = preSolution
		HideSolutionNode = FALSE
	EndGlobalSection
	GlobalSection(ExtensibilityGlobals) = postSolution
		SolutionGuid = {E8791049-FE43-4A85-B8A8-35C4D5B0BDEC}
	EndGlobalSection
EndGlobal
